
Microsoft Visual Studio Solution File, Format Version 12.00
# Visual Studio 14
VisualStudioVersion = 14.0.24720.0
MinimumVisualStudioVersion = 10.0.40219.1
Project("{8BC9CEB8-8B4A-11D0-8D11-00A0C91BC942}") = "STemWin_ADF4351", "STemWin_ADF4351.vcxproj", "{416F3F79-B471-4A0B-B02E-8CB2D20FB9FC}"
EndProject
Global
	GlobalSection(SolutionConfigurationPlatforms) = preSolution
		Debug|x86 = Debug|x86
		Release|x86 = Release|x86
	EndGlobalSection
	GlobalSection(ProjectConfigurationPlatforms) = postSolution
		{416F3F79-B471-4A0B-B02E-8CB2D20FB9FC}.Debug|x64.ActiveCfg = Debug|Win32
		{416F3F79-B471-4A0B-B02E-8CB2D20FB9FC}.Debug|x86.ActiveCfg = Debug|Win32
		{416F3F79-B471-4A0B-B02E-8CB2D20FB9FC}.Debug|x86.Build.0 = Debug|Win32
		{416F3F79-B471-4A0B-B02E-8CB2D20FB9FC}.Release|x64.ActiveCfg = Release|Win32
		{416F3F79-B471-4A0B-B02E-8CB2D20FB9FC}.Release|x86.ActiveCfg = Release|Win32
		{416F3F79-B471-4A0B-B02E-8CB2D20FB9FC}.Release|x86.Build.0 = Release|Win32
	EndGlobalSection
	GlobalSection(SolutionProperties) = preSolution
		HideSolutionNode = FALSE
	EndGlobalSection
EndGlobal
