<?xml version="1.0" encoding="utf-8"?>
<Project ToolsVersion="4.0" xmlns="http://schemas.microsoft.com/developer/msbuild/2003">
  <ItemGroup>
    <Filter Include="Source files">
      <UniqueIdentifier>{13bbc986-18d4-4181-8a7b-fae3abe45c88}</UniqueIdentifier>
      <Extensions>cpp;c;cc;cxx;def;odl;idl;hpj;bat;asm;asmx</Extensions>
    </Filter>
    <Filter Include="Header files">
      <UniqueIdentifier>{be3a98ae-ccdb-42da-8e3b-db29668ad3df}</UniqueIdentifier>
      <Extensions>h;hpp;hxx;hm;inl;inc;xsd</Extensions>
    </Filter>
    <Filter Include="Resource files">
      <UniqueIdentifier>{3a78cd7c-4b06-4ad7-9aff-441dbb7bafa6}</UniqueIdentifier>
      <Extensions>rc;ico;cur;bmp;dlg;rc2;rct;bin;rgs;gif;jpg;jpeg;jpe;resx;tiff;tif;png;wav</Extensions>
    </Filter>
    <Filter Include="Make files">
      <UniqueIdentifier>{48334753-000e-4e8f-9974-ac77747e568d}</UniqueIdentifier>
      <Extensions>*.mak</Extensions>
    </Filter>
    <Filter Include="Source files\Device-specific files">
      <UniqueIdentifier>{0b03c92e-ab98-4676-8c60-b79deeea4994}</UniqueIdentifier>
    </Filter>
    <Filter Include="Header files\Device-specific files">
      <UniqueIdentifier>{4c588c9d-3099-475d-b2d9-456bf2970cd1}</UniqueIdentifier>
    </Filter>
    <Filter Include="Source files\Device-specific files\HAL">
      <UniqueIdentifier>{472b3578-b888-4caa-9ddd-7c931ff0f973}</UniqueIdentifier>
    </Filter>
    <Filter Include="Header files\Device-specific files\HAL">
      <UniqueIdentifier>{829fd14b-da8b-4af9-a66a-d1cb7c81c0e7}</UniqueIdentifier>
    </Filter>
    <Filter Include="Source files\Device-specific files\SystemInit">
      <UniqueIdentifier>{585a5746-a7f7-4af4-8a76-1ec0aff945cf}</UniqueIdentifier>
    </Filter>
    <Filter Include="Header files\Device-specific files\ampire480272 Driver">
      <UniqueIdentifier>{7a3f7f97-0e31-4357-a829-c12ac7401fad}</UniqueIdentifier>
    </Filter>
    <Filter Include="Header files\Device-specific files\ampire640480 Driver">
      <UniqueIdentifier>{b45f10b2-8ab2-4a68-9683-4b94e77f4ec9}</UniqueIdentifier>
    </Filter>
    <Filter Include="Source files\Device-specific files\exc7200 Driver">
      <UniqueIdentifier>{b41d3102-1d56-4491-9f4f-b3c839875c8d}</UniqueIdentifier>
    </Filter>
    <Filter Include="Header files\Device-specific files\exc7200 Driver">
      <UniqueIdentifier>{2f8140ca-a8d4-43f7-abbe-38119b03ab2c}</UniqueIdentifier>
    </Filter>
    <Filter Include="Source files\Device-specific files\ft5336 Driver">
      <UniqueIdentifier>{5e1db15c-50a3-4286-8c8a-d2b773f6810c}</UniqueIdentifier>
    </Filter>
    <Filter Include="Header files\Device-specific files\ft5336 Driver">
      <UniqueIdentifier>{02d1b257-1920-4598-99a0-62bdc36250d3}</UniqueIdentifier>
    </Filter>
    <Filter Include="Source files\Device-specific files\mfxstm32l152 Driver">
      <UniqueIdentifier>{7c336557-094d-40a9-8ba8-3c5e667d6a7a}</UniqueIdentifier>
    </Filter>
    <Filter Include="Header files\Device-specific files\mfxstm32l152 Driver">
      <UniqueIdentifier>{d9ce149f-5bb3-4db2-b068-3e7340afe060}</UniqueIdentifier>
    </Filter>
    <Filter Include="Header files\Device-specific files\n25q128a Driver">
      <UniqueIdentifier>{d3f2d098-e699-4a76-a67c-548dcf3a99b3}</UniqueIdentifier>
    </Filter>
    <Filter Include="Header files\Device-specific files\n25q512a Driver">
      <UniqueIdentifier>{4034f9cb-4901-4412-bd09-cf817fe2359c}</UniqueIdentifier>
    </Filter>
    <Filter Include="Source files\Device-specific files\ov9655 Driver">
      <UniqueIdentifier>{34040063-e1ef-4efc-9bd5-cbf7642c8f7d}</UniqueIdentifier>
    </Filter>
    <Filter Include="Header files\Device-specific files\ov9655 Driver">
      <UniqueIdentifier>{082a6419-f85c-4436-8826-155fcfe50152}</UniqueIdentifier>
    </Filter>
    <Filter Include="Header files\Device-specific files\rk043fn48h Driver">
      <UniqueIdentifier>{a74eb999-1c2d-4e2b-9682-83db335f1ae8}</UniqueIdentifier>
    </Filter>
    <Filter Include="Source files\Device-specific files\s5k5cag Driver">
      <UniqueIdentifier>{48e4d1ae-343d-44ac-86ba-d30b337488ab}</UniqueIdentifier>
    </Filter>
    <Filter Include="Header files\Device-specific files\s5k5cag Driver">
      <UniqueIdentifier>{a1422ef2-755e-4748-8b3c-7f2c2598413c}</UniqueIdentifier>
    </Filter>
    <Filter Include="Source files\Device-specific files\stmpe811 Driver">
      <UniqueIdentifier>{b5670259-aedc-46c7-afaf-9f943f67eeb2}</UniqueIdentifier>
    </Filter>
    <Filter Include="Header files\Device-specific files\stmpe811 Driver">
      <UniqueIdentifier>{52d704bb-f921-4231-8af1-20a74cb18775}</UniqueIdentifier>
    </Filter>
    <Filter Include="Source files\Device-specific files\ts3510 Driver">
      <UniqueIdentifier>{4b586c49-a743-4a2a-b911-bcad03fadd8c}</UniqueIdentifier>
    </Filter>
    <Filter Include="Header files\Device-specific files\ts3510 Driver">
      <UniqueIdentifier>{d6f5a6f5-73e9-404b-8a0c-531ef663bf01}</UniqueIdentifier>
    </Filter>
    <Filter Include="Source files\Device-specific files\wm8994 Driver">
      <UniqueIdentifier>{a0fdabe8-ad39-4361-b2ac-bebccc54dad8}</UniqueIdentifier>
    </Filter>
    <Filter Include="Header files\Device-specific files\wm8994 Driver">
      <UniqueIdentifier>{84915fce-52e5-44d2-8aef-f47840ac8aba}</UniqueIdentifier>
    </Filter>
    <Filter Include="Source files\Device-specific files\LL">
      <UniqueIdentifier>{f661ed4e-38a2-4d30-89b3-73ea50fee8f5}</UniqueIdentifier>
    </Filter>
    <Filter Include="Header files\Device-specific files\LL">
      <UniqueIdentifier>{e7f3d9a8-068c-4b2b-80a9-4ff4a1865be5}</UniqueIdentifier>
    </Filter>
    <Filter Include="VisualGDB settings">
      <UniqueIdentifier>{5ac98129-b14c-4d39-af60-bf07e2a7bef6}</UniqueIdentifier>
    </Filter>
  </ItemGroup>
  <ItemGroup>
    <ClInclude Include="Inc\GUIConf.h">
      <Filter>Header files</Filter>
    </ClInclude>
    <ClInclude Include="Inc\LCDConf.h">
      <Filter>Header files</Filter>
    </ClInclude>
    <ClInclude Include="Inc\main.h">
      <Filter>Header files</Filter>
    </ClInclude>
    <ClInclude Include="Inc\stm32f7xx_hal_conf.h">
      <Filter>Header files</Filter>
    </ClInclude>
    <ClInclude Include="Inc\stm32f7xx_it.h">
      <Filter>Header files</Filter>
    </ClInclude>
    <ClInclude Include="USER\ADF4350_V1.h">
      <Filter>Header files</Filter>
    </ClInclude>
    <ClInclude Include="Inc\FrameWinDLGSweeper.h">
      <Filter>Header files</Filter>
    </ClInclude>
    <ClInclude Include="Inc\k_touch.h">
      <Filter>Header files</Filter>
    </ClInclude>
    <ClCompile Include="$(BSP_ROOT)\STM32F7xxxx\StartupFiles\startup_stm32f746xx.c">
      <Filter>Source files\Device-specific files</Filter>
    </ClCompile>
    <ClCompile Include="$(BSP_ROOT)\STM32F7xxxx\STM32F7xx_HAL_Driver\Src\stm32f7xx_hal.c">
      <Filter>Source files\Device-specific files\HAL</Filter>
    </ClCompile>
    <ClCompile Include="$(BSP_ROOT)\STM32F7xxxx\STM32F7xx_HAL_Driver\Src\stm32f7xx_hal_adc.c">
      <Filter>Source files\Device-specific files\HAL</Filter>
    </ClCompile>
    <ClCompile Include="$(BSP_ROOT)\STM32F7xxxx\STM32F7xx_HAL_Driver\Src\stm32f7xx_hal_adc_ex.c">
      <Filter>Source files\Device-specific files\HAL</Filter>
    </ClCompile>
    <ClCompile Include="$(BSP_ROOT)\STM32F7xxxx\STM32F7xx_HAL_Driver\Src\stm32f7xx_hal_can.c">
      <Filter>Source files\Device-specific files\HAL</Filter>
    </ClCompile>
    <ClCompile Include="$(BSP_ROOT)\STM32F7xxxx\STM32F7xx_HAL_Driver\Src\stm32f7xx_hal_cec.c">
      <Filter>Source files\Device-specific files\HAL</Filter>
    </ClCompile>
    <ClCompile Include="$(BSP_ROOT)\STM32F7xxxx\STM32F7xx_HAL_Driver\Src\stm32f7xx_hal_cortex.c">
      <Filter>Source files\Device-specific files\HAL</Filter>
    </ClCompile>
    <ClCompile Include="$(BSP_ROOT)\STM32F7xxxx\STM32F7xx_HAL_Driver\Src\stm32f7xx_hal_crc.c">
      <Filter>Source files\Device-specific files\HAL</Filter>
    </ClCompile>
    <ClCompile Include="$(BSP_ROOT)\STM32F7xxxx\STM32F7xx_HAL_Driver\Src\stm32f7xx_hal_crc_ex.c">
      <Filter>Source files\Device-specific files\HAL</Filter>
    </ClCompile>
    <ClCompile Include="$(BSP_ROOT)\STM32F7xxxx\STM32F7xx_HAL_Driver\Src\stm32f7xx_hal_cryp.c">
      <Filter>Source files\Device-specific files\HAL</Filter>
    </ClCompile>
    <ClCompile Include="$(BSP_ROOT)\STM32F7xxxx\STM32F7xx_HAL_Driver\Src\stm32f7xx_hal_cryp_ex.c">
      <Filter>Source files\Device-specific files\HAL</Filter>
    </ClCompile>
    <ClCompile Include="$(BSP_ROOT)\STM32F7xxxx\STM32F7xx_HAL_Driver\Src\stm32f7xx_hal_dac.c">
      <Filter>Source files\Device-specific files\HAL</Filter>
    </ClCompile>
    <ClCompile Include="$(BSP_ROOT)\STM32F7xxxx\STM32F7xx_HAL_Driver\Src\stm32f7xx_hal_dac_ex.c">
      <Filter>Source files\Device-specific files\HAL</Filter>
    </ClCompile>
    <ClCompile Include="$(BSP_ROOT)\STM32F7xxxx\STM32F7xx_HAL_Driver\Src\stm32f7xx_hal_dcmi.c">
      <Filter>Source files\Device-specific files\HAL</Filter>
    </ClCompile>
    <ClCompile Include="$(BSP_ROOT)\STM32F7xxxx\STM32F7xx_HAL_Driver\Src\stm32f7xx_hal_dcmi_ex.c">
      <Filter>Source files\Device-specific files\HAL</Filter>
    </ClCompile>
    <ClCompile Include="$(BSP_ROOT)\STM32F7xxxx\STM32F7xx_HAL_Driver\Src\stm32f7xx_hal_dfsdm.c">
      <Filter>Source files\Device-specific files\HAL</Filter>
    </ClCompile>
    <ClCompile Include="$(BSP_ROOT)\STM32F7xxxx\STM32F7xx_HAL_Driver\Src\stm32f7xx_hal_dma.c">
      <Filter>Source files\Device-specific files\HAL</Filter>
    </ClCompile>
    <ClCompile Include="$(BSP_ROOT)\STM32F7xxxx\STM32F7xx_HAL_Driver\Src\stm32f7xx_hal_dma2d.c">
      <Filter>Source files\Device-specific files\HAL</Filter>
    </ClCompile>
    <ClCompile Include="$(BSP_ROOT)\STM32F7xxxx\STM32F7xx_HAL_Driver\Src\stm32f7xx_hal_dma_ex.c">
      <Filter>Source files\Device-specific files\HAL</Filter>
    </ClCompile>
    <ClCompile Include="$(BSP_ROOT)\STM32F7xxxx\STM32F7xx_HAL_Driver\Src\stm32f7xx_hal_dsi.c">
      <Filter>Source files\Device-specific files\HAL</Filter>
    </ClCompile>
    <ClCompile Include="$(BSP_ROOT)\STM32F7xxxx\STM32F7xx_HAL_Driver\Src\stm32f7xx_hal_eth.c">
      <Filter>Source files\Device-specific files\HAL</Filter>
    </ClCompile>
    <ClCompile Include="$(BSP_ROOT)\STM32F7xxxx\STM32F7xx_HAL_Driver\Src\stm32f7xx_hal_exti.c">
      <Filter>Source files\Device-specific files\HAL</Filter>
    </ClCompile>
    <ClCompile Include="$(BSP_ROOT)\STM32F7xxxx\STM32F7xx_HAL_Driver\Src\stm32f7xx_hal_flash.c">
      <Filter>Source files\Device-specific files\HAL</Filter>
    </ClCompile>
    <ClCompile Include="$(BSP_ROOT)\STM32F7xxxx\STM32F7xx_HAL_Driver\Src\stm32f7xx_hal_flash_ex.c">
      <Filter>Source files\Device-specific files\HAL</Filter>
    </ClCompile>
    <ClCompile Include="$(BSP_ROOT)\STM32F7xxxx\STM32F7xx_HAL_Driver\Src\stm32f7xx_hal_gpio.c">
      <Filter>Source files\Device-specific files\HAL</Filter>
    </ClCompile>
    <ClCompile Include="$(BSP_ROOT)\STM32F7xxxx\STM32F7xx_HAL_Driver\Src\stm32f7xx_hal_hash.c">
      <Filter>Source files\Device-specific files\HAL</Filter>
    </ClCompile>
    <ClCompile Include="$(BSP_ROOT)\STM32F7xxxx\STM32F7xx_HAL_Driver\Src\stm32f7xx_hal_hash_ex.c">
      <Filter>Source files\Device-specific files\HAL</Filter>
    </ClCompile>
    <ClCompile Include="$(BSP_ROOT)\STM32F7xxxx\STM32F7xx_HAL_Driver\Src\stm32f7xx_hal_hcd.c">
      <Filter>Source files\Device-specific files\HAL</Filter>
    </ClCompile>
    <ClCompile Include="$(BSP_ROOT)\STM32F7xxxx\STM32F7xx_HAL_Driver\Src\stm32f7xx_hal_i2c.c">
      <Filter>Source files\Device-specific files\HAL</Filter>
    </ClCompile>
    <ClCompile Include="$(BSP_ROOT)\STM32F7xxxx\STM32F7xx_HAL_Driver\Src\stm32f7xx_hal_i2c_ex.c">
      <Filter>Source files\Device-specific files\HAL</Filter>
    </ClCompile>
    <ClCompile Include="$(BSP_ROOT)\STM32F7xxxx\STM32F7xx_HAL_Driver\Src\stm32f7xx_hal_i2s.c">
      <Filter>Source files\Device-specific files\HAL</Filter>
    </ClCompile>
    <ClCompile Include="$(BSP_ROOT)\STM32F7xxxx\STM32F7xx_HAL_Driver\Src\stm32f7xx_hal_irda.c">
      <Filter>Source files\Device-specific files\HAL</Filter>
    </ClCompile>
    <ClCompile Include="$(BSP_ROOT)\STM32F7xxxx\STM32F7xx_HAL_Driver\Src\stm32f7xx_hal_iwdg.c">
      <Filter>Source files\Device-specific files\HAL</Filter>
    </ClCompile>
    <ClCompile Include="$(BSP_ROOT)\STM32F7xxxx\STM32F7xx_HAL_Driver\Src\stm32f7xx_hal_jpeg.c">
      <Filter>Source files\Device-specific files\HAL</Filter>
    </ClCompile>
    <ClCompile Include="$(BSP_ROOT)\STM32F7xxxx\STM32F7xx_HAL_Driver\Src\stm32f7xx_hal_lptim.c">
      <Filter>Source files\Device-specific files\HAL</Filter>
    </ClCompile>
    <ClCompile Include="$(BSP_ROOT)\STM32F7xxxx\STM32F7xx_HAL_Driver\Src\stm32f7xx_hal_ltdc.c">
      <Filter>Source files\Device-specific files\HAL</Filter>
    </ClCompile>
    <ClCompile Include="$(BSP_ROOT)\STM32F7xxxx\STM32F7xx_HAL_Driver\Src\stm32f7xx_hal_ltdc_ex.c">
      <Filter>Source files\Device-specific files\HAL</Filter>
    </ClCompile>
    <ClCompile Include="$(BSP_ROOT)\STM32F7xxxx\STM32F7xx_HAL_Driver\Src\stm32f7xx_hal_mdios.c">
      <Filter>Source files\Device-specific files\HAL</Filter>
    </ClCompile>
    <ClCompile Include="$(BSP_ROOT)\STM32F7xxxx\STM32F7xx_HAL_Driver\Src\stm32f7xx_hal_mmc.c">
      <Filter>Source files\Device-specific files\HAL</Filter>
    </ClCompile>
    <ClCompile Include="$(BSP_ROOT)\STM32F7xxxx\STM32F7xx_HAL_Driver\Src\stm32f7xx_hal_nand.c">
      <Filter>Source files\Device-specific files\HAL</Filter>
    </ClCompile>
    <ClCompile Include="$(BSP_ROOT)\STM32F7xxxx\STM32F7xx_HAL_Driver\Src\stm32f7xx_hal_nor.c">
      <Filter>Source files\Device-specific files\HAL</Filter>
    </ClCompile>
    <ClCompile Include="$(BSP_ROOT)\STM32F7xxxx\STM32F7xx_HAL_Driver\Src\stm32f7xx_hal_pcd.c">
      <Filter>Source files\Device-specific files\HAL</Filter>
    </ClCompile>
    <ClCompile Include="$(BSP_ROOT)\STM32F7xxxx\STM32F7xx_HAL_Driver\Src\stm32f7xx_hal_pcd_ex.c">
      <Filter>Source files\Device-specific files\HAL</Filter>
    </ClCompile>
    <ClCompile Include="$(BSP_ROOT)\STM32F7xxxx\STM32F7xx_HAL_Driver\Src\stm32f7xx_hal_pwr.c">
      <Filter>Source files\Device-specific files\HAL</Filter>
    </ClCompile>
    <ClCompile Include="$(BSP_ROOT)\STM32F7xxxx\STM32F7xx_HAL_Driver\Src\stm32f7xx_hal_pwr_ex.c">
      <Filter>Source files\Device-specific files\HAL</Filter>
    </ClCompile>
    <ClCompile Include="$(BSP_ROOT)\STM32F7xxxx\STM32F7xx_HAL_Driver\Src\stm32f7xx_hal_qspi.c">
      <Filter>Source files\Device-specific files\HAL</Filter>
    </ClCompile>
    <ClCompile Include="$(BSP_ROOT)\STM32F7xxxx\STM32F7xx_HAL_Driver\Src\stm32f7xx_hal_rcc.c">
      <Filter>Source files\Device-specific files\HAL</Filter>
    </ClCompile>
    <ClCompile Include="$(BSP_ROOT)\STM32F7xxxx\STM32F7xx_HAL_Driver\Src\stm32f7xx_hal_rcc_ex.c">
      <Filter>Source files\Device-specific files\HAL</Filter>
    </ClCompile>
    <ClCompile Include="$(BSP_ROOT)\STM32F7xxxx\STM32F7xx_HAL_Driver\Src\stm32f7xx_hal_rng.c">
      <Filter>Source files\Device-specific files\HAL</Filter>
    </ClCompile>
    <ClCompile Include="$(BSP_ROOT)\STM32F7xxxx\STM32F7xx_HAL_Driver\Src\stm32f7xx_hal_rtc.c">
      <Filter>Source files\Device-specific files\HAL</Filter>
    </ClCompile>
    <ClCompile Include="$(BSP_ROOT)\STM32F7xxxx\STM32F7xx_HAL_Driver\Src\stm32f7xx_hal_rtc_ex.c">
      <Filter>Source files\Device-specific files\HAL</Filter>
    </ClCompile>
    <ClCompile Include="$(BSP_ROOT)\STM32F7xxxx\STM32F7xx_HAL_Driver\Src\stm32f7xx_hal_sai.c">
      <Filter>Source files\Device-specific files\HAL</Filter>
    </ClCompile>
    <ClCompile Include="$(BSP_ROOT)\STM32F7xxxx\STM32F7xx_HAL_Driver\Src\stm32f7xx_hal_sai_ex.c">
      <Filter>Source files\Device-specific files\HAL</Filter>
    </ClCompile>
    <ClCompile Include="$(BSP_ROOT)\STM32F7xxxx\STM32F7xx_HAL_Driver\Src\stm32f7xx_hal_sd.c">
      <Filter>Source files\Device-specific files\HAL</Filter>
    </ClCompile>
    <ClCompile Include="$(BSP_ROOT)\STM32F7xxxx\STM32F7xx_HAL_Driver\Src\stm32f7xx_hal_sdram.c">
      <Filter>Source files\Device-specific files\HAL</Filter>
    </ClCompile>
    <ClCompile Include="$(BSP_ROOT)\STM32F7xxxx\STM32F7xx_HAL_Driver\Src\stm32f7xx_hal_smartcard.c">
      <Filter>Source files\Device-specific files\HAL</Filter>
    </ClCompile>
    <ClCompile Include="$(BSP_ROOT)\STM32F7xxxx\STM32F7xx_HAL_Driver\Src\stm32f7xx_hal_smartcard_ex.c">
      <Filter>Source files\Device-specific files\HAL</Filter>
    </ClCompile>
    <ClCompile Include="$(BSP_ROOT)\STM32F7xxxx\STM32F7xx_HAL_Driver\Src\stm32f7xx_hal_smbus.c">
      <Filter>Source files\Device-specific files\HAL</Filter>
    </ClCompile>
    <ClCompile Include="$(BSP_ROOT)\STM32F7xxxx\STM32F7xx_HAL_Driver\Src\stm32f7xx_hal_spdifrx.c">
      <Filter>Source files\Device-specific files\HAL</Filter>
    </ClCompile>
    <ClCompile Include="$(BSP_ROOT)\STM32F7xxxx\STM32F7xx_HAL_Driver\Src\stm32f7xx_hal_spi.c">
      <Filter>Source files\Device-specific files\HAL</Filter>
    </ClCompile>
    <ClCompile Include="$(BSP_ROOT)\STM32F7xxxx\STM32F7xx_HAL_Driver\Src\stm32f7xx_hal_spi_ex.c">
      <Filter>Source files\Device-specific files\HAL</Filter>
    </ClCompile>
    <ClCompile Include="$(BSP_ROOT)\STM32F7xxxx\STM32F7xx_HAL_Driver\Src\stm32f7xx_hal_sram.c">
      <Filter>Source files\Device-specific files\HAL</Filter>
    </ClCompile>
    <ClCompile Include="$(BSP_ROOT)\STM32F7xxxx\STM32F7xx_HAL_Driver\Src\stm32f7xx_hal_tim.c">
      <Filter>Source files\Device-specific files\HAL</Filter>
    </ClCompile>
    <ClCompile Include="$(BSP_ROOT)\STM32F7xxxx\STM32F7xx_HAL_Driver\Src\stm32f7xx_hal_tim_ex.c">
      <Filter>Source files\Device-specific files\HAL</Filter>
    </ClCompile>
    <ClCompile Include="$(BSP_ROOT)\STM32F7xxxx\STM32F7xx_HAL_Driver\Src\stm32f7xx_hal_uart.c">
      <Filter>Source files\Device-specific files\HAL</Filter>
    </ClCompile>
    <ClCompile Include="$(BSP_ROOT)\STM32F7xxxx\STM32F7xx_HAL_Driver\Src\stm32f7xx_hal_uart_ex.c">
      <Filter>Source files\Device-specific files\HAL</Filter>
    </ClCompile>
    <ClCompile Include="$(BSP_ROOT)\STM32F7xxxx\STM32F7xx_HAL_Driver\Src\stm32f7xx_hal_usart.c">
      <Filter>Source files\Device-specific files\HAL</Filter>
    </ClCompile>
    <ClCompile Include="$(BSP_ROOT)\STM32F7xxxx\STM32F7xx_HAL_Driver\Src\stm32f7xx_hal_wwdg.c">
      <Filter>Source files\Device-specific files\HAL</Filter>
    </ClCompile>
    <ClCompile Include="$(BSP_ROOT)\STM32F7xxxx\STM32F7xx_HAL_Driver\Src\stm32f7xx_ll_usb.c">
      <Filter>Source files\Device-specific files\HAL</Filter>
    </ClCompile>
    <ClCompile Include="$(BSP_ROOT)\STM32F7xxxx\STM32F7xx_HAL_Driver\Src\stm32f7xx_ll_adc.c">
      <Filter>Source files\Device-specific files\LL</Filter>
    </ClCompile>
    <ClCompile Include="$(BSP_ROOT)\STM32F7xxxx\STM32F7xx_HAL_Driver\Src\stm32f7xx_ll_crc.c">
      <Filter>Source files\Device-specific files\LL</Filter>
    </ClCompile>
    <ClCompile Include="$(BSP_ROOT)\STM32F7xxxx\STM32F7xx_HAL_Driver\Src\stm32f7xx_ll_dac.c">
      <Filter>Source files\Device-specific files\LL</Filter>
    </ClCompile>
    <ClCompile Include="$(BSP_ROOT)\STM32F7xxxx\STM32F7xx_HAL_Driver\Src\stm32f7xx_ll_dma.c">
      <Filter>Source files\Device-specific files\LL</Filter>
    </ClCompile>
    <ClCompile Include="$(BSP_ROOT)\STM32F7xxxx\STM32F7xx_HAL_Driver\Src\stm32f7xx_ll_dma2d.c">
      <Filter>Source files\Device-specific files\LL</Filter>
    </ClCompile>
    <ClCompile Include="$(BSP_ROOT)\STM32F7xxxx\STM32F7xx_HAL_Driver\Src\stm32f7xx_ll_exti.c">
      <Filter>Source files\Device-specific files\LL</Filter>
    </ClCompile>
    <ClCompile Include="$(BSP_ROOT)\STM32F7xxxx\STM32F7xx_HAL_Driver\Src\stm32f7xx_ll_fmc.c">
      <Filter>Source files\Device-specific files\LL</Filter>
    </ClCompile>
    <ClCompile Include="$(BSP_ROOT)\STM32F7xxxx\STM32F7xx_HAL_Driver\Src\stm32f7xx_ll_gpio.c">
      <Filter>Source files\Device-specific files\LL</Filter>
    </ClCompile>
    <ClCompile Include="$(BSP_ROOT)\STM32F7xxxx\STM32F7xx_HAL_Driver\Src\stm32f7xx_ll_i2c.c">
      <Filter>Source files\Device-specific files\LL</Filter>
    </ClCompile>
    <ClCompile Include="$(BSP_ROOT)\STM32F7xxxx\STM32F7xx_HAL_Driver\Src\stm32f7xx_ll_lptim.c">
      <Filter>Source files\Device-specific files\LL</Filter>
    </ClCompile>
    <ClCompile Include="$(BSP_ROOT)\STM32F7xxxx\STM32F7xx_HAL_Driver\Src\stm32f7xx_ll_pwr.c">
      <Filter>Source files\Device-specific files\LL</Filter>
    </ClCompile>
    <ClCompile Include="$(BSP_ROOT)\STM32F7xxxx\STM32F7xx_HAL_Driver\Src\stm32f7xx_ll_rcc.c">
      <Filter>Source files\Device-specific files\LL</Filter>
    </ClCompile>
    <ClCompile Include="$(BSP_ROOT)\STM32F7xxxx\STM32F7xx_HAL_Driver\Src\stm32f7xx_ll_rng.c">
      <Filter>Source files\Device-specific files\LL</Filter>
    </ClCompile>
    <ClCompile Include="$(BSP_ROOT)\STM32F7xxxx\STM32F7xx_HAL_Driver\Src\stm32f7xx_ll_rtc.c">
      <Filter>Source files\Device-specific files\LL</Filter>
    </ClCompile>
    <ClCompile Include="$(BSP_ROOT)\STM32F7xxxx\STM32F7xx_HAL_Driver\Src\stm32f7xx_ll_sdmmc.c">
      <Filter>Source files\Device-specific files\LL</Filter>
    </ClCompile>
    <ClCompile Include="$(BSP_ROOT)\STM32F7xxxx\STM32F7xx_HAL_Driver\Src\stm32f7xx_ll_spi.c">
      <Filter>Source files\Device-specific files\LL</Filter>
    </ClCompile>
    <ClCompile Include="$(BSP_ROOT)\STM32F7xxxx\STM32F7xx_HAL_Driver\Src\stm32f7xx_ll_tim.c">
      <Filter>Source files\Device-specific files\LL</Filter>
    </ClCompile>
    <ClCompile Include="$(BSP_ROOT)\STM32F7xxxx\STM32F7xx_HAL_Driver\Src\stm32f7xx_ll_usart.c">
      <Filter>Source files\Device-specific files\LL</Filter>
    </ClCompile>
    <ClCompile Include="$(BSP_ROOT)\STM32F7xxxx\STM32F7xx_HAL_Driver\Src\stm32f7xx_ll_utils.c">
      <Filter>Source files\Device-specific files\LL</Filter>
    </ClCompile>
    <ClCompile Include="$(BSP_ROOT)\STM32F7xxxx\CMSIS_HAL\Device\ST\STM32F7xx\Source\Templates\system_stm32f7xx.c">
      <Filter>Source files\Device-specific files\SystemInit</Filter>
    </ClCompile>
    <ClCompile Include="$(BSP_ROOT)\STM32H7xxxx\BSP\Components\exc7200\exc7200.c">
      <Filter>Source files\Device-specific files\exc7200 Driver</Filter>
    </ClCompile>
    <ClCompile Include="$(BSP_ROOT)\STM32H7xxxx\BSP\Components\exc7200\exc7200_reg.c">
      <Filter>Source files\Device-specific files\exc7200 Driver</Filter>
    </ClCompile>
    <ClCompile Include="$(BSP_ROOT)\STM32H7xxxx\BSP\Components\mfxstm32l152\mfxstm32l152.c">
      <Filter>Source files\Device-specific files\mfxstm32l152 Driver</Filter>
    </ClCompile>
    <ClCompile Include="$(BSP_ROOT)\STM32H7xxxx\BSP\Components\mfxstm32l152\mfxstm32l152_reg.c">
      <Filter>Source files\Device-specific files\mfxstm32l152 Driver</Filter>
    </ClCompile>
    <ClCompile Include="$(BSP_ROOT)\STM32H7xxxx\BSP\Components\ov9655\ov9655.c">
      <Filter>Source files\Device-specific files\ov9655 Driver</Filter>
    </ClCompile>
    <ClCompile Include="$(BSP_ROOT)\STM32H7xxxx\BSP\Components\ov9655\ov9655_reg.c">
      <Filter>Source files\Device-specific files\ov9655 Driver</Filter>
    </ClCompile>
    <ClCompile Include="$(BSP_ROOT)\STM32H7xxxx\BSP\Components\s5k5cag\s5k5cag.c">
      <Filter>Source files\Device-specific files\s5k5cag Driver</Filter>
    </ClCompile>
    <ClCompile Include="$(BSP_ROOT)\STM32H7xxxx\BSP\Components\s5k5cag\s5k5cag_reg.c">
      <Filter>Source files\Device-specific files\s5k5cag Driver</Filter>
    </ClCompile>
    <ClCompile Include="$(BSP_ROOT)\STM32H7xxxx\BSP\Components\stmpe811\stmpe811.c">
      <Filter>Source files\Device-specific files\stmpe811 Driver</Filter>
    </ClCompile>
    <ClCompile Include="$(BSP_ROOT)\STM32H7xxxx\BSP\Components\stmpe811\stmpe811_reg.c">
      <Filter>Source files\Device-specific files\stmpe811 Driver</Filter>
    </ClCompile>
    <ClCompile Include="$(BSP_ROOT)\STM32H7xxxx\BSP\Components\ts3510\ts3510.c">
      <Filter>Source files\Device-specific files\ts3510 Driver</Filter>
    </ClCompile>
    <ClCompile Include="$(BSP_ROOT)\STM32H7xxxx\BSP\Components\ts3510\ts3510_reg.c">
      <Filter>Source files\Device-specific files\ts3510 Driver</Filter>
    </ClCompile>
    <ClCompile Include="$(BSP_ROOT)\STM32H7xxxx\BSP\Components\wm8994\wm8994.c">
      <Filter>Source files\Device-specific files\wm8994 Driver</Filter>
    </ClCompile>
    <ClCompile Include="$(BSP_ROOT)\STM32H7xxxx\BSP\Components\wm8994\wm8994_reg.c">
      <Filter>Source files\Device-specific files\wm8994 Driver</Filter>
    </ClCompile>
    <ClInclude Include="$(BSP_ROOT)\STM32F7xxxx\STM32F7xx_HAL_Driver\Inc\stm32f7xx_hal.h">
      <Filter>Header files\Device-specific files\HAL</Filter>
    </ClInclude>
    <ClInclude Include="$(BSP_ROOT)\STM32F7xxxx\STM32F7xx_HAL_Driver\Inc\stm32f7xx_hal_adc.h">
      <Filter>Header files\Device-specific files\HAL</Filter>
    </ClInclude>
    <ClInclude Include="$(BSP_ROOT)\STM32F7xxxx\STM32F7xx_HAL_Driver\Inc\stm32f7xx_hal_adc_ex.h">
      <Filter>Header files\Device-specific files\HAL</Filter>
    </ClInclude>
    <ClInclude Include="$(BSP_ROOT)\STM32F7xxxx\STM32F7xx_HAL_Driver\Inc\stm32f7xx_hal_can.h">
      <Filter>Header files\Device-specific files\HAL</Filter>
    </ClInclude>
    <ClInclude Include="$(BSP_ROOT)\STM32F7xxxx\STM32F7xx_HAL_Driver\Inc\stm32f7xx_hal_cec.h">
      <Filter>Header files\Device-specific files\HAL</Filter>
    </ClInclude>
    <ClInclude Include="$(BSP_ROOT)\STM32F7xxxx\STM32F7xx_HAL_Driver\Inc\stm32f7xx_hal_cortex.h">
      <Filter>Header files\Device-specific files\HAL</Filter>
    </ClInclude>
    <ClInclude Include="$(BSP_ROOT)\STM32F7xxxx\STM32F7xx_HAL_Driver\Inc\stm32f7xx_hal_crc.h">
      <Filter>Header files\Device-specific files\HAL</Filter>
    </ClInclude>
    <ClInclude Include="$(BSP_ROOT)\STM32F7xxxx\STM32F7xx_HAL_Driver\Inc\stm32f7xx_hal_crc_ex.h">
      <Filter>Header files\Device-specific files\HAL</Filter>
    </ClInclude>
    <ClInclude Include="$(BSP_ROOT)\STM32F7xxxx\STM32F7xx_HAL_Driver\Inc\stm32f7xx_hal_cryp.h">
      <Filter>Header files\Device-specific files\HAL</Filter>
    </ClInclude>
    <ClInclude Include="$(BSP_ROOT)\STM32F7xxxx\STM32F7xx_HAL_Driver\Inc\stm32f7xx_hal_cryp_ex.h">
      <Filter>Header files\Device-specific files\HAL</Filter>
    </ClInclude>
    <ClInclude Include="$(BSP_ROOT)\STM32F7xxxx\STM32F7xx_HAL_Driver\Inc\stm32f7xx_hal_dac.h">
      <Filter>Header files\Device-specific files\HAL</Filter>
    </ClInclude>
    <ClInclude Include="$(BSP_ROOT)\STM32F7xxxx\STM32F7xx_HAL_Driver\Inc\stm32f7xx_hal_dac_ex.h">
      <Filter>Header files\Device-specific files\HAL</Filter>
    </ClInclude>
    <ClInclude Include="$(BSP_ROOT)\STM32F7xxxx\STM32F7xx_HAL_Driver\Inc\stm32f7xx_hal_dcmi.h">
      <Filter>Header files\Device-specific files\HAL</Filter>
    </ClInclude>
    <ClInclude Include="$(BSP_ROOT)\STM32F7xxxx\STM32F7xx_HAL_Driver\Inc\stm32f7xx_hal_dcmi_ex.h">
      <Filter>Header files\Device-specific files\HAL</Filter>
    </ClInclude>
    <ClInclude Include="$(BSP_ROOT)\STM32F7xxxx\STM32F7xx_HAL_Driver\Inc\stm32f7xx_hal_def.h">
      <Filter>Header files\Device-specific files\HAL</Filter>
    </ClInclude>
    <ClInclude Include="$(BSP_ROOT)\STM32F7xxxx\STM32F7xx_HAL_Driver\Inc\stm32f7xx_hal_dfsdm.h">
      <Filter>Header files\Device-specific files\HAL</Filter>
    </ClInclude>
    <ClInclude Include="$(BSP_ROOT)\STM32F7xxxx\STM32F7xx_HAL_Driver\Inc\stm32f7xx_hal_dma.h">
      <Filter>Header files\Device-specific files\HAL</Filter>
    </ClInclude>
    <ClInclude Include="$(BSP_ROOT)\STM32F7xxxx\STM32F7xx_HAL_Driver\Inc\stm32f7xx_hal_dma2d.h">
      <Filter>Header files\Device-specific files\HAL</Filter>
    </ClInclude>
    <ClInclude Include="$(BSP_ROOT)\STM32F7xxxx\STM32F7xx_HAL_Driver\Inc\stm32f7xx_hal_dma_ex.h">
      <Filter>Header files\Device-specific files\HAL</Filter>
    </ClInclude>
    <ClInclude Include="$(BSP_ROOT)\STM32F7xxxx\STM32F7xx_HAL_Driver\Inc\stm32f7xx_hal_dsi.h">
      <Filter>Header files\Device-specific files\HAL</Filter>
    </ClInclude>
    <ClInclude Include="$(BSP_ROOT)\STM32F7xxxx\STM32F7xx_HAL_Driver\Inc\stm32f7xx_hal_eth.h">
      <Filter>Header files\Device-specific files\HAL</Filter>
    </ClInclude>
    <ClInclude Include="$(BSP_ROOT)\STM32F7xxxx\STM32F7xx_HAL_Driver\Inc\stm32f7xx_hal_exti.h">
      <Filter>Header files\Device-specific files\HAL</Filter>
    </ClInclude>
    <ClInclude Include="$(BSP_ROOT)\STM32F7xxxx\STM32F7xx_HAL_Driver\Inc\stm32f7xx_hal_flash.h">
      <Filter>Header files\Device-specific files\HAL</Filter>
    </ClInclude>
    <ClInclude Include="$(BSP_ROOT)\STM32F7xxxx\STM32F7xx_HAL_Driver\Inc\stm32f7xx_hal_flash_ex.h">
      <Filter>Header files\Device-specific files\HAL</Filter>
    </ClInclude>
    <ClInclude Include="$(BSP_ROOT)\STM32F7xxxx\STM32F7xx_HAL_Driver\Inc\stm32f7xx_hal_gpio.h">
      <Filter>Header files\Device-specific files\HAL</Filter>
    </ClInclude>
    <ClInclude Include="$(BSP_ROOT)\STM32F7xxxx\STM32F7xx_HAL_Driver\Inc\stm32f7xx_hal_gpio_ex.h">
      <Filter>Header files\Device-specific files\HAL</Filter>
    </ClInclude>
    <ClInclude Include="$(BSP_ROOT)\STM32F7xxxx\STM32F7xx_HAL_Driver\Inc\stm32f7xx_hal_hash.h">
      <Filter>Header files\Device-specific files\HAL</Filter>
    </ClInclude>
    <ClInclude Include="$(BSP_ROOT)\STM32F7xxxx\STM32F7xx_HAL_Driver\Inc\stm32f7xx_hal_hash_ex.h">
      <Filter>Header files\Device-specific files\HAL</Filter>
    </ClInclude>
    <ClInclude Include="$(BSP_ROOT)\STM32F7xxxx\STM32F7xx_HAL_Driver\Inc\stm32f7xx_hal_hcd.h">
      <Filter>Header files\Device-specific files\HAL</Filter>
    </ClInclude>
    <ClInclude Include="$(BSP_ROOT)\STM32F7xxxx\STM32F7xx_HAL_Driver\Inc\stm32f7xx_hal_i2c.h">
      <Filter>Header files\Device-specific files\HAL</Filter>
    </ClInclude>
    <ClInclude Include="$(BSP_ROOT)\STM32F7xxxx\STM32F7xx_HAL_Driver\Inc\stm32f7xx_hal_i2c_ex.h">
      <Filter>Header files\Device-specific files\HAL</Filter>
    </ClInclude>
    <ClInclude Include="$(BSP_ROOT)\STM32F7xxxx\STM32F7xx_HAL_Driver\Inc\stm32f7xx_hal_i2s.h">
      <Filter>Header files\Device-specific files\HAL</Filter>
    </ClInclude>
    <ClInclude Include="$(BSP_ROOT)\STM32F7xxxx\STM32F7xx_HAL_Driver\Inc\stm32f7xx_hal_irda.h">
      <Filter>Header files\Device-specific files\HAL</Filter>
    </ClInclude>
    <ClInclude Include="$(BSP_ROOT)\STM32F7xxxx\STM32F7xx_HAL_Driver\Inc\stm32f7xx_hal_irda_ex.h">
      <Filter>Header files\Device-specific files\HAL</Filter>
    </ClInclude>
    <ClInclude Include="$(BSP_ROOT)\STM32F7xxxx\STM32F7xx_HAL_Driver\Inc\stm32f7xx_hal_iwdg.h">
      <Filter>Header files\Device-specific files\HAL</Filter>
    </ClInclude>
    <ClInclude Include="$(BSP_ROOT)\STM32F7xxxx\STM32F7xx_HAL_Driver\Inc\stm32f7xx_hal_jpeg.h">
      <Filter>Header files\Device-specific files\HAL</Filter>
    </ClInclude>
    <ClInclude Include="$(BSP_ROOT)\STM32F7xxxx\STM32F7xx_HAL_Driver\Inc\stm32f7xx_hal_lptim.h">
      <Filter>Header files\Device-specific files\HAL</Filter>
    </ClInclude>
    <ClInclude Include="$(BSP_ROOT)\STM32F7xxxx\STM32F7xx_HAL_Driver\Inc\stm32f7xx_hal_ltdc.h">
      <Filter>Header files\Device-specific files\HAL</Filter>
    </ClInclude>
    <ClInclude Include="$(BSP_ROOT)\STM32F7xxxx\STM32F7xx_HAL_Driver\Inc\stm32f7xx_hal_ltdc_ex.h">
      <Filter>Header files\Device-specific files\HAL</Filter>
    </ClInclude>
    <ClInclude Include="$(BSP_ROOT)\STM32F7xxxx\STM32F7xx_HAL_Driver\Inc\stm32f7xx_hal_mdios.h">
      <Filter>Header files\Device-specific files\HAL</Filter>
    </ClInclude>
    <ClInclude Include="$(BSP_ROOT)\STM32F7xxxx\STM32F7xx_HAL_Driver\Inc\stm32f7xx_hal_mmc.h">
      <Filter>Header files\Device-specific files\HAL</Filter>
    </ClInclude>
    <ClInclude Include="$(BSP_ROOT)\STM32F7xxxx\STM32F7xx_HAL_Driver\Inc\stm32f7xx_hal_nand.h">
      <Filter>Header files\Device-specific files\HAL</Filter>
    </ClInclude>
    <ClInclude Include="$(BSP_ROOT)\STM32F7xxxx\STM32F7xx_HAL_Driver\Inc\stm32f7xx_hal_nor.h">
      <Filter>Header files\Device-specific files\HAL</Filter>
    </ClInclude>
    <ClInclude Include="$(BSP_ROOT)\STM32F7xxxx\STM32F7xx_HAL_Driver\Inc\stm32f7xx_hal_pcd.h">
      <Filter>Header files\Device-specific files\HAL</Filter>
    </ClInclude>
    <ClInclude Include="$(BSP_ROOT)\STM32F7xxxx\STM32F7xx_HAL_Driver\Inc\stm32f7xx_hal_pcd_ex.h">
      <Filter>Header files\Device-specific files\HAL</Filter>
    </ClInclude>
    <ClInclude Include="$(BSP_ROOT)\STM32F7xxxx\STM32F7xx_HAL_Driver\Inc\stm32f7xx_hal_pwr.h">
      <Filter>Header files\Device-specific files\HAL</Filter>
    </ClInclude>
    <ClInclude Include="$(BSP_ROOT)\STM32F7xxxx\STM32F7xx_HAL_Driver\Inc\stm32f7xx_hal_pwr_ex.h">
      <Filter>Header files\Device-specific files\HAL</Filter>
    </ClInclude>
    <ClInclude Include="$(BSP_ROOT)\STM32F7xxxx\STM32F7xx_HAL_Driver\Inc\stm32f7xx_hal_qspi.h">
      <Filter>Header files\Device-specific files\HAL</Filter>
    </ClInclude>
    <ClInclude Include="$(BSP_ROOT)\STM32F7xxxx\STM32F7xx_HAL_Driver\Inc\stm32f7xx_hal_rcc.h">
      <Filter>Header files\Device-specific files\HAL</Filter>
    </ClInclude>
    <ClInclude Include="$(BSP_ROOT)\STM32F7xxxx\STM32F7xx_HAL_Driver\Inc\stm32f7xx_hal_rcc_ex.h">
      <Filter>Header files\Device-specific files\HAL</Filter>
    </ClInclude>
    <ClInclude Include="$(BSP_ROOT)\STM32F7xxxx\STM32F7xx_HAL_Driver\Inc\stm32f7xx_hal_rng.h">
      <Filter>Header files\Device-specific files\HAL</Filter>
    </ClInclude>
    <ClInclude Include="$(BSP_ROOT)\STM32F7xxxx\STM32F7xx_HAL_Driver\Inc\stm32f7xx_hal_rtc.h">
      <Filter>Header files\Device-specific files\HAL</Filter>
    </ClInclude>
    <ClInclude Include="$(BSP_ROOT)\STM32F7xxxx\STM32F7xx_HAL_Driver\Inc\stm32f7xx_hal_rtc_ex.h">
      <Filter>Header files\Device-specific files\HAL</Filter>
    </ClInclude>
    <ClInclude Include="$(BSP_ROOT)\STM32F7xxxx\STM32F7xx_HAL_Driver\Inc\stm32f7xx_hal_sai.h">
      <Filter>Header files\Device-specific files\HAL</Filter>
    </ClInclude>
    <ClInclude Include="$(BSP_ROOT)\STM32F7xxxx\STM32F7xx_HAL_Driver\Inc\stm32f7xx_hal_sai_ex.h">
      <Filter>Header files\Device-specific files\HAL</Filter>
    </ClInclude>
    <ClInclude Include="$(BSP_ROOT)\STM32F7xxxx\STM32F7xx_HAL_Driver\Inc\stm32f7xx_hal_sd.h">
      <Filter>Header files\Device-specific files\HAL</Filter>
    </ClInclude>
    <ClInclude Include="$(BSP_ROOT)\STM32F7xxxx\STM32F7xx_HAL_Driver\Inc\stm32f7xx_hal_sdram.h">
      <Filter>Header files\Device-specific files\HAL</Filter>
    </ClInclude>
    <ClInclude Include="$(BSP_ROOT)\STM32F7xxxx\STM32F7xx_HAL_Driver\Inc\stm32f7xx_hal_smartcard.h">
      <Filter>Header files\Device-specific files\HAL</Filter>
    </ClInclude>
    <ClInclude Include="$(BSP_ROOT)\STM32F7xxxx\STM32F7xx_HAL_Driver\Inc\stm32f7xx_hal_smartcard_ex.h">
      <Filter>Header files\Device-specific files\HAL</Filter>
    </ClInclude>
    <ClInclude Include="$(BSP_ROOT)\STM32F7xxxx\STM32F7xx_HAL_Driver\Inc\stm32f7xx_hal_smbus.h">
      <Filter>Header files\Device-specific files\HAL</Filter>
    </ClInclude>
    <ClInclude Include="$(BSP_ROOT)\STM32F7xxxx\STM32F7xx_HAL_Driver\Inc\stm32f7xx_hal_spdifrx.h">
      <Filter>Header files\Device-specific files\HAL</Filter>
    </ClInclude>
    <ClInclude Include="$(BSP_ROOT)\STM32F7xxxx\STM32F7xx_HAL_Driver\Inc\stm32f7xx_hal_spi.h">
      <Filter>Header files\Device-specific files\HAL</Filter>
    </ClInclude>
    <ClInclude Include="$(BSP_ROOT)\STM32F7xxxx\STM32F7xx_HAL_Driver\Inc\stm32f7xx_hal_spi_ex.h">
      <Filter>Header files\Device-specific files\HAL</Filter>
    </ClInclude>
    <ClInclude Include="$(BSP_ROOT)\STM32F7xxxx\STM32F7xx_HAL_Driver\Inc\stm32f7xx_hal_sram.h">
      <Filter>Header files\Device-specific files\HAL</Filter>
    </ClInclude>
    <ClInclude Include="$(BSP_ROOT)\STM32F7xxxx\STM32F7xx_HAL_Driver\Inc\stm32f7xx_hal_tim.h">
      <Filter>Header files\Device-specific files\HAL</Filter>
    </ClInclude>
    <ClInclude Include="$(BSP_ROOT)\STM32F7xxxx\STM32F7xx_HAL_Driver\Inc\stm32f7xx_hal_tim_ex.h">
      <Filter>Header files\Device-specific files\HAL</Filter>
    </ClInclude>
    <ClInclude Include="$(BSP_ROOT)\STM32F7xxxx\STM32F7xx_HAL_Driver\Inc\stm32f7xx_hal_uart.h">
      <Filter>Header files\Device-specific files\HAL</Filter>
    </ClInclude>
    <ClInclude Include="$(BSP_ROOT)\STM32F7xxxx\STM32F7xx_HAL_Driver\Inc\stm32f7xx_hal_uart_ex.h">
      <Filter>Header files\Device-specific files\HAL</Filter>
    </ClInclude>
    <ClInclude Include="$(BSP_ROOT)\STM32F7xxxx\STM32F7xx_HAL_Driver\Inc\stm32f7xx_hal_usart.h">
      <Filter>Header files\Device-specific files\HAL</Filter>
    </ClInclude>
    <ClInclude Include="$(BSP_ROOT)\STM32F7xxxx\STM32F7xx_HAL_Driver\Inc\stm32f7xx_hal_usart_ex.h">
      <Filter>Header files\Device-specific files\HAL</Filter>
    </ClInclude>
    <ClInclude Include="$(BSP_ROOT)\STM32F7xxxx\STM32F7xx_HAL_Driver\Inc\stm32f7xx_hal_wwdg.h">
      <Filter>Header files\Device-specific files\HAL</Filter>
    </ClInclude>
    <ClInclude Include="$(BSP_ROOT)\STM32F7xxxx\STM32F7xx_HAL_Driver\Inc\stm32f7xx_ll_usb.h">
      <Filter>Header files\Device-specific files\HAL</Filter>
    </ClInclude>
    <ClInclude Include="$(BSP_ROOT)\STM32F7xxxx\STM32F7xx_HAL_Driver\Inc\Legacy\stm32f7xx_hal_can_legacy.h">
      <Filter>Header files\Device-specific files\HAL</Filter>
    </ClInclude>
    <ClInclude Include="$(BSP_ROOT)\STM32F7xxxx\STM32F7xx_HAL_Driver\Inc\Legacy\stm32_hal_legacy.h">
      <Filter>Header files\Device-specific files\HAL</Filter>
    </ClInclude>
    <ClInclude Include="$(BSP_ROOT)\STM32F7xxxx\CMSIS_HAL\Include\cmsis_armcc.h">
      <Filter>Header files\Device-specific files\HAL</Filter>
    </ClInclude>
    <ClInclude Include="$(BSP_ROOT)\STM32F7xxxx\CMSIS_HAL\Include\cmsis_armclang.h">
      <Filter>Header files\Device-specific files\HAL</Filter>
    </ClInclude>
    <ClInclude Include="$(BSP_ROOT)\STM32F7xxxx\CMSIS_HAL\Include\cmsis_compiler.h">
      <Filter>Header files\Device-specific files\HAL</Filter>
    </ClInclude>
    <ClInclude Include="$(BSP_ROOT)\STM32F7xxxx\CMSIS_HAL\Include\cmsis_gcc.h">
      <Filter>Header files\Device-specific files\HAL</Filter>
    </ClInclude>
    <ClInclude Include="$(BSP_ROOT)\STM32F7xxxx\CMSIS_HAL\Include\cmsis_iccarm.h">
      <Filter>Header files\Device-specific files\HAL</Filter>
    </ClInclude>
    <ClInclude Include="$(BSP_ROOT)\STM32F7xxxx\CMSIS_HAL\Include\cmsis_version.h">
      <Filter>Header files\Device-specific files\HAL</Filter>
    </ClInclude>
    <ClInclude Include="$(BSP_ROOT)\STM32F7xxxx\CMSIS_HAL\Include\core_armv8mbl.h">
      <Filter>Header files\Device-specific files\HAL</Filter>
    </ClInclude>
    <ClInclude Include="$(BSP_ROOT)\STM32F7xxxx\CMSIS_HAL\Include\core_armv8mml.h">
      <Filter>Header files\Device-specific files\HAL</Filter>
    </ClInclude>
    <ClInclude Include="$(BSP_ROOT)\STM32F7xxxx\CMSIS_HAL\Include\core_cm0.h">
      <Filter>Header files\Device-specific files\HAL</Filter>
    </ClInclude>
    <ClInclude Include="$(BSP_ROOT)\STM32F7xxxx\CMSIS_HAL\Include\core_cm0plus.h">
      <Filter>Header files\Device-specific files\HAL</Filter>
    </ClInclude>
    <ClInclude Include="$(BSP_ROOT)\STM32F7xxxx\CMSIS_HAL\Include\core_cm1.h">
      <Filter>Header files\Device-specific files\HAL</Filter>
    </ClInclude>
    <ClInclude Include="$(BSP_ROOT)\STM32F7xxxx\CMSIS_HAL\Include\core_cm23.h">
      <Filter>Header files\Device-specific files\HAL</Filter>
    </ClInclude>
    <ClInclude Include="$(BSP_ROOT)\STM32F7xxxx\CMSIS_HAL\Include\core_cm3.h">
      <Filter>Header files\Device-specific files\HAL</Filter>
    </ClInclude>
    <ClInclude Include="$(BSP_ROOT)\STM32F7xxxx\CMSIS_HAL\Include\core_cm33.h">
      <Filter>Header files\Device-specific files\HAL</Filter>
    </ClInclude>
    <ClInclude Include="$(BSP_ROOT)\STM32F7xxxx\CMSIS_HAL\Include\core_cm4.h">
      <Filter>Header files\Device-specific files\HAL</Filter>
    </ClInclude>
    <ClInclude Include="$(BSP_ROOT)\STM32F7xxxx\CMSIS_HAL\Include\core_cm7.h">
      <Filter>Header files\Device-specific files\HAL</Filter>
    </ClInclude>
    <ClInclude Include="$(BSP_ROOT)\STM32F7xxxx\CMSIS_HAL\Include\core_sc000.h">
      <Filter>Header files\Device-specific files\HAL</Filter>
    </ClInclude>
    <ClInclude Include="$(BSP_ROOT)\STM32F7xxxx\CMSIS_HAL\Include\core_sc300.h">
      <Filter>Header files\Device-specific files\HAL</Filter>
    </ClInclude>
    <ClInclude Include="$(BSP_ROOT)\STM32F7xxxx\CMSIS_HAL\Include\mpu_armv7.h">
      <Filter>Header files\Device-specific files\HAL</Filter>
    </ClInclude>
    <ClInclude Include="$(BSP_ROOT)\STM32F7xxxx\CMSIS_HAL\Include\mpu_armv8.h">
      <Filter>Header files\Device-specific files\HAL</Filter>
    </ClInclude>
    <ClInclude Include="$(BSP_ROOT)\STM32F7xxxx\CMSIS_HAL\Include\tz_context.h">
      <Filter>Header files\Device-specific files\HAL</Filter>
    </ClInclude>
    <ClInclude Include="$(BSP_ROOT)\STM32F7xxxx\CMSIS_HAL\Device\ST\STM32F7xx\Include\stm32f7xx.h">
      <Filter>Header files\Device-specific files\HAL</Filter>
    </ClInclude>
    <ClInclude Include="$(BSP_ROOT)\STM32F7xxxx\CMSIS_HAL\Device\ST\STM32F7xx\Include\system_stm32f7xx.h">
      <Filter>Header files\Device-specific files\HAL</Filter>
    </ClInclude>
    <ClInclude Include="$(BSP_ROOT)\STM32F7xxxx\CMSIS_HAL\RTOS\Template\cmsis_os.h">
      <Filter>Header files\Device-specific files\HAL</Filter>
    </ClInclude>
    <ClInclude Include="$(BSP_ROOT)\STM32F7xxxx\STM32F7xx_HAL_Driver\Inc\stm32f7xx_ll_adc.h">
      <Filter>Header files\Device-specific files\LL</Filter>
    </ClInclude>
    <ClInclude Include="$(BSP_ROOT)\STM32F7xxxx\STM32F7xx_HAL_Driver\Inc\stm32f7xx_ll_bus.h">
      <Filter>Header files\Device-specific files\LL</Filter>
    </ClInclude>
    <ClInclude Include="$(BSP_ROOT)\STM32F7xxxx\STM32F7xx_HAL_Driver\Inc\stm32f7xx_ll_cortex.h">
      <Filter>Header files\Device-specific files\LL</Filter>
    </ClInclude>
    <ClInclude Include="$(BSP_ROOT)\STM32F7xxxx\STM32F7xx_HAL_Driver\Inc\stm32f7xx_ll_crc.h">
      <Filter>Header files\Device-specific files\LL</Filter>
    </ClInclude>
    <ClInclude Include="$(BSP_ROOT)\STM32F7xxxx\STM32F7xx_HAL_Driver\Inc\stm32f7xx_ll_dac.h">
      <Filter>Header files\Device-specific files\LL</Filter>
    </ClInclude>
    <ClInclude Include="$(BSP_ROOT)\STM32F7xxxx\STM32F7xx_HAL_Driver\Inc\stm32f7xx_ll_dma.h">
      <Filter>Header files\Device-specific files\LL</Filter>
    </ClInclude>
    <ClInclude Include="$(BSP_ROOT)\STM32F7xxxx\STM32F7xx_HAL_Driver\Inc\stm32f7xx_ll_dma2d.h">
      <Filter>Header files\Device-specific files\LL</Filter>
    </ClInclude>
    <ClInclude Include="$(BSP_ROOT)\STM32F7xxxx\STM32F7xx_HAL_Driver\Inc\stm32f7xx_ll_exti.h">
      <Filter>Header files\Device-specific files\LL</Filter>
    </ClInclude>
    <ClInclude Include="$(BSP_ROOT)\STM32F7xxxx\STM32F7xx_HAL_Driver\Inc\stm32f7xx_ll_fmc.h">
      <Filter>Header files\Device-specific files\LL</Filter>
    </ClInclude>
    <ClInclude Include="$(BSP_ROOT)\STM32F7xxxx\STM32F7xx_HAL_Driver\Inc\stm32f7xx_ll_gpio.h">
      <Filter>Header files\Device-specific files\LL</Filter>
    </ClInclude>
    <ClInclude Include="$(BSP_ROOT)\STM32F7xxxx\STM32F7xx_HAL_Driver\Inc\stm32f7xx_ll_i2c.h">
      <Filter>Header files\Device-specific files\LL</Filter>
    </ClInclude>
    <ClInclude Include="$(BSP_ROOT)\STM32F7xxxx\STM32F7xx_HAL_Driver\Inc\stm32f7xx_ll_iwdg.h">
      <Filter>Header files\Device-specific files\LL</Filter>
    </ClInclude>
    <ClInclude Include="$(BSP_ROOT)\STM32F7xxxx\STM32F7xx_HAL_Driver\Inc\stm32f7xx_ll_lptim.h">
      <Filter>Header files\Device-specific files\LL</Filter>
    </ClInclude>
    <ClInclude Include="$(BSP_ROOT)\STM32F7xxxx\STM32F7xx_HAL_Driver\Inc\stm32f7xx_ll_pwr.h">
      <Filter>Header files\Device-specific files\LL</Filter>
    </ClInclude>
    <ClInclude Include="$(BSP_ROOT)\STM32F7xxxx\STM32F7xx_HAL_Driver\Inc\stm32f7xx_ll_rcc.h">
      <Filter>Header files\Device-specific files\LL</Filter>
    </ClInclude>
    <ClInclude Include="$(BSP_ROOT)\STM32F7xxxx\STM32F7xx_HAL_Driver\Inc\stm32f7xx_ll_rng.h">
      <Filter>Header files\Device-specific files\LL</Filter>
    </ClInclude>
    <ClInclude Include="$(BSP_ROOT)\STM32F7xxxx\STM32F7xx_HAL_Driver\Inc\stm32f7xx_ll_rtc.h">
      <Filter>Header files\Device-specific files\LL</Filter>
    </ClInclude>
    <ClInclude Include="$(BSP_ROOT)\STM32F7xxxx\STM32F7xx_HAL_Driver\Inc\stm32f7xx_ll_sdmmc.h">
      <Filter>Header files\Device-specific files\LL</Filter>
    </ClInclude>
    <ClInclude Include="$(BSP_ROOT)\STM32F7xxxx\STM32F7xx_HAL_Driver\Inc\stm32f7xx_ll_spi.h">
      <Filter>Header files\Device-specific files\LL</Filter>
    </ClInclude>
    <ClInclude Include="$(BSP_ROOT)\STM32F7xxxx\STM32F7xx_HAL_Driver\Inc\stm32f7xx_ll_system.h">
      <Filter>Header files\Device-specific files\LL</Filter>
    </ClInclude>
    <ClInclude Include="$(BSP_ROOT)\STM32F7xxxx\STM32F7xx_HAL_Driver\Inc\stm32f7xx_ll_tim.h">
      <Filter>Header files\Device-specific files\LL</Filter>
    </ClInclude>
    <ClInclude Include="$(BSP_ROOT)\STM32F7xxxx\STM32F7xx_HAL_Driver\Inc\stm32f7xx_ll_usart.h">
      <Filter>Header files\Device-specific files\LL</Filter>
    </ClInclude>
    <ClInclude Include="$(BSP_ROOT)\STM32F7xxxx\STM32F7xx_HAL_Driver\Inc\stm32f7xx_ll_utils.h">
      <Filter>Header files\Device-specific files\LL</Filter>
    </ClInclude>
    <ClInclude Include="$(BSP_ROOT)\STM32F7xxxx\STM32F7xx_HAL_Driver\Inc\stm32f7xx_ll_wwdg.h">
      <Filter>Header files\Device-specific files\LL</Filter>
    </ClInclude>
    <ClInclude Include="$(BSP_ROOT)\STM32H7xxxx\BSP\Components\ampire480272\ampire480272.h">
      <Filter>Header files\Device-specific files\ampire480272 Driver</Filter>
    </ClInclude>
    <ClInclude Include="$(BSP_ROOT)\STM32H7xxxx\BSP\Components\Common\audio.h">
      <Filter>Header files\Device-specific files\ampire480272 Driver</Filter>
    </ClInclude>
    <ClInclude Include="$(BSP_ROOT)\STM32H7xxxx\BSP\Components\Common\camera.h">
      <Filter>Header files\Device-specific files\ampire480272 Driver</Filter>
    </ClInclude>
    <ClInclude Include="$(BSP_ROOT)\STM32H7xxxx\BSP\Components\Common\dpredriver.h">
      <Filter>Header files\Device-specific files\ampire480272 Driver</Filter>
    </ClInclude>
    <ClInclude Include="$(BSP_ROOT)\STM32H7xxxx\BSP\Components\Common\env_sensor.h">
      <Filter>Header files\Device-specific files\ampire480272 Driver</Filter>
    </ClInclude>
    <ClInclude Include="$(BSP_ROOT)\STM32H7xxxx\BSP\Components\Common\epd.h">
      <Filter>Header files\Device-specific files\ampire480272 Driver</Filter>
    </ClInclude>
    <ClInclude Include="$(BSP_ROOT)\STM32H7xxxx\BSP\Components\Common\idd.h">
      <Filter>Header files\Device-specific files\ampire480272 Driver</Filter>
    </ClInclude>
    <ClInclude Include="$(BSP_ROOT)\STM32H7xxxx\BSP\Components\Common\io.h">
      <Filter>Header files\Device-specific files\ampire480272 Driver</Filter>
    </ClInclude>
    <ClInclude Include="$(BSP_ROOT)\STM32H7xxxx\BSP\Components\Common\lcd.h">
      <Filter>Header files\Device-specific files\ampire480272 Driver</Filter>
    </ClInclude>
    <ClInclude Include="$(BSP_ROOT)\STM32H7xxxx\BSP\Components\Common\motion_sensor.h">
      <Filter>Header files\Device-specific files\ampire480272 Driver</Filter>
    </ClInclude>
    <ClInclude Include="$(BSP_ROOT)\STM32H7xxxx\BSP\Components\Common\pwrmon.h">
      <Filter>Header files\Device-specific files\ampire480272 Driver</Filter>
    </ClInclude>
    <ClInclude Include="$(BSP_ROOT)\STM32H7xxxx\BSP\Components\Common\ts.h">
      <Filter>Header files\Device-specific files\ampire480272 Driver</Filter>
    </ClInclude>
    <ClInclude Include="$(BSP_ROOT)\STM32H7xxxx\BSP\Components\Common\usbtypecswitch.h">
      <Filter>Header files\Device-specific files\ampire480272 Driver</Filter>
    </ClInclude>
    <ClInclude Include="$(BSP_ROOT)\STM32H7xxxx\BSP\Components\ampire640480\ampire640480.h">
      <Filter>Header files\Device-specific files\ampire640480 Driver</Filter>
    </ClInclude>
    <ClInclude Include="$(BSP_ROOT)\STM32H7xxxx\BSP\Components\exc7200\exc7200.h">
      <Filter>Header files\Device-specific files\exc7200 Driver</Filter>
    </ClInclude>
    <ClInclude Include="$(BSP_ROOT)\STM32H7xxxx\BSP\Components\exc7200\exc7200_conf_template.h">
      <Filter>Header files\Device-specific files\exc7200 Driver</Filter>
    </ClInclude>
    <ClInclude Include="$(BSP_ROOT)\STM32H7xxxx\BSP\Components\exc7200\exc7200_reg.h">
      <Filter>Header files\Device-specific files\exc7200 Driver</Filter>
    </ClInclude>
    <ClInclude Include="$(BSP_ROOT)\STM32H7xxxx\BSP\Components\ft5336\ft5336.h">
      <Filter>Header files\Device-specific files\ft5336 Driver</Filter>
    </ClInclude>
    <ClInclude Include="$(BSP_ROOT)\STM32H7xxxx\BSP\Components\ft5336\ft5336_conf_template.h">
      <Filter>Header files\Device-specific files\ft5336 Driver</Filter>
    </ClInclude>
    <ClInclude Include="$(BSP_ROOT)\STM32H7xxxx\BSP\Components\ft5336\ft5336_reg.h">
      <Filter>Header files\Device-specific files\ft5336 Driver</Filter>
    </ClInclude>
    <ClInclude Include="$(BSP_ROOT)\STM32H7xxxx\BSP\Components\mfxstm32l152\mfxstm32l152.h">
      <Filter>Header files\Device-specific files\mfxstm32l152 Driver</Filter>
    </ClInclude>
    <ClInclude Include="$(BSP_ROOT)\STM32H7xxxx\BSP\Components\mfxstm32l152\mfxstm32l152_reg.h">
      <Filter>Header files\Device-specific files\mfxstm32l152 Driver</Filter>
    </ClInclude>
    <ClInclude Include="$(BSP_ROOT)\STM32H7xxxx\BSP\Components\ov9655\ov9655.h">
      <Filter>Header files\Device-specific files\ov9655 Driver</Filter>
    </ClInclude>
    <ClInclude Include="$(BSP_ROOT)\STM32H7xxxx\BSP\Components\ov9655\ov9655_reg.h">
      <Filter>Header files\Device-specific files\ov9655 Driver</Filter>
    </ClInclude>
    <ClInclude Include="$(BSP_ROOT)\STM32H7xxxx\BSP\Components\rk043fn48h\rk043fn48h.h">
      <Filter>Header files\Device-specific files\rk043fn48h Driver</Filter>
    </ClInclude>
    <ClInclude Include="$(BSP_ROOT)\STM32H7xxxx\BSP\Components\s5k5cag\s5k5cag.h">
      <Filter>Header files\Device-specific files\s5k5cag Driver</Filter>
    </ClInclude>
    <ClInclude Include="$(BSP_ROOT)\STM32H7xxxx\BSP\Components\s5k5cag\s5k5cag_reg.h">
      <Filter>Header files\Device-specific files\s5k5cag Driver</Filter>
    </ClInclude>
    <ClInclude Include="$(BSP_ROOT)\STM32H7xxxx\BSP\Components\stmpe811\stmpe811.h">
      <Filter>Header files\Device-specific files\stmpe811 Driver</Filter>
    </ClInclude>
    <ClInclude Include="$(BSP_ROOT)\STM32H7xxxx\BSP\Components\stmpe811\stmpe811_conf_template.h">
      <Filter>Header files\Device-specific files\stmpe811 Driver</Filter>
    </ClInclude>
    <ClInclude Include="$(BSP_ROOT)\STM32H7xxxx\BSP\Components\stmpe811\stmpe811_reg.h">
      <Filter>Header files\Device-specific files\stmpe811 Driver</Filter>
    </ClInclude>
    <ClInclude Include="$(BSP_ROOT)\STM32H7xxxx\BSP\Components\ts3510\ts3510.h">
      <Filter>Header files\Device-specific files\ts3510 Driver</Filter>
    </ClInclude>
    <ClInclude Include="$(BSP_ROOT)\STM32H7xxxx\BSP\Components\ts3510\ts3510_conf_template.h">
      <Filter>Header files\Device-specific files\ts3510 Driver</Filter>
    </ClInclude>
    <ClInclude Include="$(BSP_ROOT)\STM32H7xxxx\BSP\Components\ts3510\ts3510_reg.h">
      <Filter>Header files\Device-specific files\ts3510 Driver</Filter>
    </ClInclude>
    <ClInclude Include="$(BSP_ROOT)\STM32H7xxxx\BSP\Components\wm8994\wm8994.h">
      <Filter>Header files\Device-specific files\wm8994 Driver</Filter>
    </ClInclude>
    <ClInclude Include="$(BSP_ROOT)\STM32H7xxxx\BSP\Components\wm8994\wm8994_reg.h">
      <Filter>Header files\Device-specific files\wm8994 Driver</Filter>
    </ClInclude>
    <None Include="stm32.xml">
      <Filter>VisualGDB settings</Filter>
    </None>
    <ClInclude Include="C:\Users\jluu\AppData\Local\VisualGDB\EmbeddedBSPs\arm-eabi\com.sysprogs.arm.stm32\STM32F7xxxx\BSP\STM32746G-Discovery\stm32746g_discovery_ts.h">
      <Filter>Header files\Device-specific files</Filter>
    </ClInclude>
    <ClInclude Include="C:\Users\jluu\AppData\Local\VisualGDB\EmbeddedBSPs\arm-eabi\com.sysprogs.arm.stm32\STM32F7xxxx\BSP\STM32746G-Discovery\stm32746g_discovery.h">
      <Filter>Header files\Device-specific files</Filter>
    </ClInclude>
  </ItemGroup>
  <ItemGroup>
    <ClCompile Include="Src\GUIConf.c">
      <Filter>Source files</Filter>
    </ClCompile>
    <ClCompile Include="Src\GUI_X.c">
      <Filter>Source files</Filter>
    </ClCompile>
    <ClCompile Include="Src\LCDConf.c">
      <Filter>Source files</Filter>
    </ClCompile>
    <ClCompile Include="Src\stm32f7xx_it.c">
      <Filter>Source files</Filter>
    </ClCompile>
    <ClCompile Include="Src\k_touch.c">
      <Filter>Source files</Filter>
    </ClCompile>
    <ClCompile Include="Src\main.c">
      <Filter>Source files</Filter>
    </ClCompile>
    <ClCompile Include="Src\ADF4350_V1.c">
      <Filter>Source files</Filter>
    </ClCompile>
    <ClCompile Include="Src\FramewinDLGSweeper.c">
      <Filter>Source files</Filter>
    </ClCompile>
    <ClCompile Include="Src\SubdialogKey.c">
      <Filter>Source files</Filter>
    </ClCompile>
    <ClCompile Include="C:\Users\jluu\AppData\Local\VisualGDB\EmbeddedBSPs\arm-eabi\com.sysprogs.arm.stm32\STM32F7xxxx\BSP\STM32746G-Discovery\stm32746g_discovery_ts.c">
      <Filter>Source files\Device-specific files</Filter>
    </ClCompile>
    <ClCompile Include="C:\Users\jluu\AppData\Local\VisualGDB\EmbeddedBSPs\arm-eabi\com.sysprogs.arm.stm32\STM32F7xxxx\BSP\STM32746G-Discovery\stm32746g_discovery.c">
      <Filter>Source files\Device-specific files</Filter>
    </ClCompile>
    <ClCompile Include="C:\Users\jluu\AppData\Local\VisualGDB\EmbeddedBSPs\arm-eabi\com.sysprogs.arm.stm32\STM32F7xxxx\BSP\STM32746G-Discovery\stm32746g_discovery_sdram.c">
      <Filter>Source files\Device-specific files</Filter>
    </ClCompile>
    <ClCompile Include="C:\Users\jluu\AppData\Local\VisualGDB\EmbeddedBSPs\arm-eabi\com.sysprogs.arm.stm32\STM32F7xxxx\BSP\Components\ft5336\ft5336.c">
      <Filter>Source files\Device-specific files\ft5336 Driver</Filter>
    </ClCompile>
  </ItemGroup>
  <ItemGroup>
    <None Include="Makefile" />
    <None Include="debug.mak">
      <Filter>Make files</Filter>
    </None>
    <None Include="release.mak">
      <Filter>Make files</Filter>
    </None>
    <None Include="stm32.mak">
      <Filter>Source files\Device-specific files</Filter>
    </None>
  </ItemGroup>
</Project>